# This file is autogenerated, do not edit; changes may be undone by the next 'dep ensure'.


[[projects]]
  name = "bitbucket.org/mstenius/logger"
  packages = ["."]
  revision = "93aa37b2e98bce97920a8135ff704fdb7efdb196"
  version = "0.5.0"

[[projects]]
  branch = "master"
  name = "github.com/Shopify/logrus-bugsnag"
  packages = ["."]
  revision = "577dee27f20dd8f1a529f82210094af593be12bd"

[[projects]]
  name = "github.com/aws/aws-sdk-go"
  packages = ["aws","aws/awserr","aws/awsutil","aws/client","aws/client/metadata","aws/corehandlers","aws/credentials","aws/credentials/ec2rolecreds","aws/credentials/endpointcreds","aws/credentials/stscreds","aws/defaults","aws/ec2metadata","aws/endpoints","aws/request","aws/session","aws/signer/v4","internal/sdkio","internal/sdkrand","internal/shareddefaults","private/protocol","private/protocol/json/jsonutil","private/protocol/jsonrpc","private/protocol/query","private/protocol/query/queryutil","private/protocol/rest","private/protocol/restjson","private/protocol/xml/xmlutil","service/lambda","service/sts"]
  revision = "cb873de7862ba08c63e82f37ffebc5ba02d87d26"
  version = "v1.13.38"

[[projects]]
  name = "github.com/bugsnag/bugsnag-go"
  packages = [".","errors"]
  revision = "f860f733c3d1c69181d9240eed266f94422fc99e"
  version = "v1.3.1"

[[projects]]
  name = "github.com/bugsnag/panicwrap"
  packages = ["."]
  revision = "4009b2b7c78d820cc4a2e42f035bb557ce4ae45b"
  version = "v1.2.0"

[[projects]]
  name = "github.com/go-ini/ini"
  packages = ["."]
  revision = "6529cf7c58879c08d927016dde4477f18a0634cb"
  version = "v1.36.0"

[[projects]]
  name = "github.com/jmespath/go-jmespath"
  packages = ["."]
  revision = "0b12d6b5"

[[projects]]
  branch = "master"
  name = "github.com/kardianos/osext"
  packages = ["."]
  revision = "ae77be60afb1dcacde03767a8c37337fad28ac14"

[[projects]]
  name = "github.com/sirupsen/logrus"
  packages = ["."]
  revision = "c155da19408a8799da419ed3eeb0cb5db0ad5dbc"
  version = "v1.0.5"

[[projects]]
  branch = "master"
  name = "golang.org/x/crypto"
  packages = ["ssh/terminal"]
  revision = "b49d69b5da943f7ef3c9cf91c8777c1f78a0cc3c"

[[projects]]
  branch = "master"
  name = "golang.org/x/sys"
  packages = ["unix","windows"]
  revision = "bb9c189858d91f42db229b04d45a4c3d23a7662a"

[solve-meta]
  analyzer-name = "dep"
  analyzer-version = 1
  inputs-digest = "bb9355be3e09a0c6f63e70b074720b0555a9638c2d06932efd6c1d61dde99254"
  solver-name = "gps-cdcl"
  solver-version = 1
